# THIS IS AN AUTOGENERATED FILE. DO NOT EDIT THIS FILE DIRECTLY.
# yarn lockfile v1


rex-the-reporter-dog@^1.0.0:
  version "1.0.0"
  resolved "https://registry.yarnpkg.com/rex-the-reporter-dog/-/rex-the-reporter-dog-1.0.0.tgz#205aa8d49cc6a83b98d0842249245c4c29b67d50"
  integrity sha512-e+GqpbJAjsmriRlBX91qIwTvjoDuSe+iilyhdMlUm5uMElhzlSLKKCN+c4QXFPwH+Lzl3q1nDRdAx8SfcRVvZA==
